
Microsoft Visual Studio Solution File, Format Version 12.00
# Visual Studio Version 16
VisualStudioVersion = 16.0.33328.57
MinimumVisualStudioVersion = 10.0.40219.1
Project("{FAE04EC0-301F-11D3-BF4B-00C04F79EFBC}") = "PruebaDefontana", "PruebaDefontana.csproj", "{77AF409D-1050-49A7-A37C-62EF79FC7AE5}"
EndProject
Global
	GlobalSection(SolutionConfigurationPlatforms) = preSolution
		Debug|Any CPU = Debug|Any CPU
		Release|Any CPU = Release|Any CPU
	EndGlobalSection
	GlobalSection(ProjectConfigurationPlatforms) = postSolution
		{77AF409D-1050-49A7-A37C-62EF79FC7AE5}.Debug|Any CPU.ActiveCfg = Debug|Any CPU
		{77AF409D-1050-49A7-A37C-62EF79FC7AE5}.Debug|Any CPU.Build.0 = Debug|Any CPU
		{77AF409D-1050-49A7-A37C-62EF79FC7AE5}.Release|Any CPU.ActiveCfg = Release|Any CPU
		{77AF409D-1050-49A7-A37C-62EF79FC7AE5}.Release|Any CPU.Build.0 = Release|Any CPU
	EndGlobalSection
	GlobalSection(SolutionProperties) = preSolution
		HideSolutionNode = FALSE
	EndGlobalSection
	GlobalSection(ExtensibilityGlobals) = postSolution
		SolutionGuid = {2B512415-9E02-4D43-AA71-7223CE76DC27}
	EndGlobalSection
EndGlobal
